{
  "version": 4,
  "terraform_version": "1.6.6",
  "serial": 6,
  "lineage": "1bd7285d-4f2f-7e1c-3627-6f09f35375ef",
  "outputs": {
    "vm_ip_addresses": {
      "value": {
        "control-plane": "192.168.0.12/24",
        "nfs": "192.168.0.16/24",
        "postgresql": "192.168.0.15/24",
        "worker-1": "192.168.0.13/24",
        "worker-2": "192.168.0.14/24"
      },
      "type": [
        "object",
        {
          "control-plane": "string",
          "nfs": "string",
          "postgresql": "string",
          "worker-1": "string",
          "worker-2": "string"
        }
      ]
    },
    "vm_names": {
      "value": {
        "control-plane": "k8s-control-plane-01",
        "nfs": "nfs-server-01",
        "postgresql": "postgresql-01",
        "worker-1": "k8s-worker-01",
        "worker-2": "k8s-worker-02"
      },
      "type": [
        "object",
        {
          "control-plane": "string",
          "nfs": "string",
          "postgresql": "string",
          "worker-1": "string",
          "worker-2": "string"
        }
      ]
    }
  },
  "resources": [
    {
      "mode": "managed",
      "type": "proxmox_virtual_environment_vm",
      "name": "server",
      "provider": "provider[\"registry.terraform.io/bpg/proxmox\"]",
      "instances": [
        {
          "index_key": "control-plane",
          "schema_version": 0,
          "attributes": {
            "acpi": true,
            "agent": [
              {
                "enabled": true,
                "timeout": "15m",
                "trim": false,
                "type": "virtio"
              }
            ],
            "amd_sev": [],
            "audio_device": [],
            "bios": "seabios",
            "boot_order": null,
            "cdrom": [],
            "clone": [
              {
                "datastore_id": "",
                "full": true,
                "node_name": "",
                "retries": 1,
                "vm_id": 9000
              }
            ],
            "cpu": [
              {
                "affinity": "",
                "architecture": "",
                "cores": 2,
                "flags": null,
                "hotplugged": 0,
                "limit": 0,
                "numa": false,
                "sockets": 1,
                "type": "qemu64",
                "units": 1024
              }
            ],
            "description": "Kubernetes Control Plane Node",
            "disk": [
              {
                "aio": "io_uring",
                "backup": true,
                "cache": "none",
                "datastore_id": "local-lvm",
                "discard": "ignore",
                "file_format": "raw",
                "file_id": "",
                "interface": "scsi0",
                "iothread": false,
                "path_in_datastore": "vm-101-disk-0",
                "replicate": true,
                "serial": "",
                "size": 50,
                "speed": [],
                "ssd": false
              }
            ],
            "efi_disk": [],
            "hook_script_file_id": null,
            "hostpci": [],
            "id": "101",
            "initialization": [
              {
                "datastore_id": "local-lvm",
                "dns": [],
                "interface": "ide2",
                "ip_config": [
                  {
                    "ipv4": [
                      {
                        "address": "192.168.0.12/24",
                        "gateway": "192.168.0.1"
                      }
                    ],
                    "ipv6": []
                  }
                ],
                "meta_data_file_id": "",
                "network_data_file_id": "",
                "type": "",
                "user_account": [
                  {
                    "keys": [
                      "ssh-rsa AAAAB3NzaC1yc2EAAAADAQABAAACAQC1DumO3KWE3yWKS7frqenWMtgzCGHd5HD0U6zMpj4Db3dAW0kY7JxEvVDf5mjTR+YefeePVX4JbdEv3cvzDXccsXETkg4yOJ3s4om9LgdkoH8E0uqX7GzivPvHIyMzbZB1pUdU3WBeFXBQ2G1LgWsU3MCJWv5pwxj0Qxcj+zhbzlvn4pJawipCWVLWKPlqVdAQHArF799Tsu/AMl2nE1d5wH8tKXmbobmP/gqz53q4GC31dETqxzJMJeRwtxf1yyRP6Vm3Rz6SMIwSFHFVVOYxmueVaPg7OBGbW9tANP2MwFjF9etTRCWbaFH8eal2Bl3zUhGr8F5GuB/U2ISnPfvm+WJ8Nj/8U5NjV1MTmwal9rMOsH1rE3+vmOVdNVaVi1Beu1sn+/6EpLNgfGgdQEc86rULFvnru8IjmaJEKH0IiPiBjFXeW4c1cxa5jUToek2g2X9yH2mykclUx5pgtGw7/sBcxDZRq3nDPNw5rhnUQKA4zAJkcoswywd+oxB8YhzVLD+XSd9BGLReLoE33c4sIMw+kHE0EPUEYziViXQvayalCr3IVVV2ldY3Lam43Os/Atr9yJHeSGOEgkWJLP4JWiaOvKp5/Nchm8LSbMsy/0HUFo3/xk/mFSEO2aKTbu1+C3cy12JmUYaAiL8zLKhkhV14tGT+e4xDjtVel/HnJQ== to-miwa@DESKTOP-GJPDT8G"
                    ],
                    "password": "",
                    "username": "ubuntu"
                  }
                ],
                "user_data_file_id": "",
                "vendor_data_file_id": ""
              }
            ],
            "ipv4_addresses": [],
            "ipv6_addresses": [],
            "keyboard_layout": "en-us",
            "kvm_arguments": null,
            "mac_addresses": [],
            "machine": null,
            "memory": [
              {
                "dedicated": 4096,
                "floating": 0,
                "hugepages": "",
                "keep_hugepages": false,
                "shared": 0
              }
            ],
            "migrate": false,
            "name": "k8s-control-plane-01",
            "network_device": [
              {
                "bridge": "vmbr0",
                "disconnected": false,
                "enabled": true,
                "firewall": false,
                "mac_address": "BC:24:11:4E:3A:5A",
                "model": "virtio",
                "mtu": 0,
                "queues": 0,
                "rate_limit": 0,
                "trunks": "",
                "vlan_id": 0
              }
            ],
            "network_interface_names": [],
            "node_name": "prx",
            "numa": [],
            "on_boot": true,
            "operating_system": [
              {
                "type": "l26"
              }
            ],
            "pool_id": null,
            "protection": false,
            "reboot": false,
            "reboot_after_update": true,
            "rng": [],
            "scsi_hardware": "virtio-scsi-pci",
            "serial_device": [],
            "smbios": [],
            "started": true,
            "startup": [],
            "stop_on_destroy": false,
            "tablet_device": true,
            "tags": null,
            "template": false,
            "timeout_clone": 1800,
            "timeout_create": 1800,
            "timeout_migrate": 1800,
            "timeout_move_disk": 1800,
            "timeout_reboot": 1800,
            "timeout_shutdown_vm": 1800,
            "timeout_start_vm": 1800,
            "timeout_stop_vm": 300,
            "tpm_state": [],
            "usb": [],
            "vga": [
              {
                "clipboard": "",
                "memory": 16,
                "type": "serial0"
              }
            ],
            "virtiofs": [],
            "vm_id": 101,
            "watchdog": []
          },
          "sensitive_attributes": [
            [
              {
                "type": "get_attr",
                "value": "initialization"
              },
              {
                "type": "index",
                "value": {
                  "value": 0,
                  "type": "number"
                }
              },
              {
                "type": "get_attr",
                "value": "user_account"
              },
              {
                "type": "index",
                "value": {
                  "value": 0,
                  "type": "number"
                }
              },
              {
                "type": "get_attr",
                "value": "password"
              }
            ]
          ],
          "private": "bnVsbA=="
        },
        {
          "index_key": "nfs",
          "schema_version": 0,
          "attributes": {
            "acpi": true,
            "agent": [
              {
                "enabled": true,
                "timeout": "15m",
                "trim": false,
                "type": "virtio"
              }
            ],
            "amd_sev": [],
            "audio_device": [],
            "bios": "seabios",
            "boot_order": null,
            "cdrom": [],
            "clone": [
              {
                "datastore_id": "",
                "full": true,
                "node_name": "",
                "retries": 1,
                "vm_id": 9000
              }
            ],
            "cpu": [
              {
                "affinity": "",
                "architecture": "",
                "cores": 1,
                "flags": null,
                "hotplugged": 0,
                "limit": 0,
                "numa": false,
                "sockets": 1,
                "type": "qemu64",
                "units": 1024
              }
            ],
            "description": "NFS Server",
            "disk": [
              {
                "aio": "io_uring",
                "backup": true,
                "cache": "none",
                "datastore_id": "local-lvm",
                "discard": "ignore",
                "file_format": "raw",
                "file_id": "",
                "interface": "scsi0",
                "iothread": false,
                "path_in_datastore": "vm-104-disk-0",
                "replicate": true,
                "serial": "",
                "size": 200,
                "speed": [],
                "ssd": false
              }
            ],
            "efi_disk": [],
            "hook_script_file_id": null,
            "hostpci": [],
            "id": "104",
            "initialization": [
              {
                "datastore_id": "local-lvm",
                "dns": [],
                "interface": "ide2",
                "ip_config": [
                  {
                    "ipv4": [
                      {
                        "address": "192.168.0.16/24",
                        "gateway": "192.168.0.1"
                      }
                    ],
                    "ipv6": []
                  }
                ],
                "meta_data_file_id": "",
                "network_data_file_id": "",
                "type": "",
                "user_account": [
                  {
                    "keys": [
                      "ssh-rsa AAAAB3NzaC1yc2EAAAADAQABAAACAQC1DumO3KWE3yWKS7frqenWMtgzCGHd5HD0U6zMpj4Db3dAW0kY7JxEvVDf5mjTR+YefeePVX4JbdEv3cvzDXccsXETkg4yOJ3s4om9LgdkoH8E0uqX7GzivPvHIyMzbZB1pUdU3WBeFXBQ2G1LgWsU3MCJWv5pwxj0Qxcj+zhbzlvn4pJawipCWVLWKPlqVdAQHArF799Tsu/AMl2nE1d5wH8tKXmbobmP/gqz53q4GC31dETqxzJMJeRwtxf1yyRP6Vm3Rz6SMIwSFHFVVOYxmueVaPg7OBGbW9tANP2MwFjF9etTRCWbaFH8eal2Bl3zUhGr8F5GuB/U2ISnPfvm+WJ8Nj/8U5NjV1MTmwal9rMOsH1rE3+vmOVdNVaVi1Beu1sn+/6EpLNgfGgdQEc86rULFvnru8IjmaJEKH0IiPiBjFXeW4c1cxa5jUToek2g2X9yH2mykclUx5pgtGw7/sBcxDZRq3nDPNw5rhnUQKA4zAJkcoswywd+oxB8YhzVLD+XSd9BGLReLoE33c4sIMw+kHE0EPUEYziViXQvayalCr3IVVV2ldY3Lam43Os/Atr9yJHeSGOEgkWJLP4JWiaOvKp5/Nchm8LSbMsy/0HUFo3/xk/mFSEO2aKTbu1+C3cy12JmUYaAiL8zLKhkhV14tGT+e4xDjtVel/HnJQ== to-miwa@DESKTOP-GJPDT8G"
                    ],
                    "password": "",
                    "username": "ubuntu"
                  }
                ],
                "user_data_file_id": "",
                "vendor_data_file_id": ""
              }
            ],
            "ipv4_addresses": [],
            "ipv6_addresses": [],
            "keyboard_layout": "en-us",
            "kvm_arguments": null,
            "mac_addresses": [],
            "machine": null,
            "memory": [
              {
                "dedicated": 2048,
                "floating": 0,
                "hugepages": "",
                "keep_hugepages": false,
                "shared": 0
              }
            ],
            "migrate": false,
            "name": "nfs-server-01",
            "network_device": [
              {
                "bridge": "vmbr0",
                "disconnected": false,
                "enabled": true,
                "firewall": false,
                "mac_address": "BC:24:11:8F:D0:1F",
                "model": "virtio",
                "mtu": 0,
                "queues": 0,
                "rate_limit": 0,
                "trunks": "",
                "vlan_id": 0
              }
            ],
            "network_interface_names": [],
            "node_name": "prx",
            "numa": [],
            "on_boot": true,
            "operating_system": [
              {
                "type": "l26"
              }
            ],
            "pool_id": null,
            "protection": false,
            "reboot": false,
            "reboot_after_update": true,
            "rng": [],
            "scsi_hardware": "virtio-scsi-pci",
            "serial_device": [],
            "smbios": [],
            "started": true,
            "startup": [],
            "stop_on_destroy": false,
            "tablet_device": true,
            "tags": null,
            "template": false,
            "timeout_clone": 1800,
            "timeout_create": 1800,
            "timeout_migrate": 1800,
            "timeout_move_disk": 1800,
            "timeout_reboot": 1800,
            "timeout_shutdown_vm": 1800,
            "timeout_start_vm": 1800,
            "timeout_stop_vm": 300,
            "tpm_state": [],
            "usb": [],
            "vga": [
              {
                "clipboard": "",
                "memory": 16,
                "type": "serial0"
              }
            ],
            "virtiofs": [],
            "vm_id": 104,
            "watchdog": []
          },
          "sensitive_attributes": [
            [
              {
                "type": "get_attr",
                "value": "initialization"
              },
              {
                "type": "index",
                "value": {
                  "value": 0,
                  "type": "number"
                }
              },
              {
                "type": "get_attr",
                "value": "user_account"
              },
              {
                "type": "index",
                "value": {
                  "value": 0,
                  "type": "number"
                }
              },
              {
                "type": "get_attr",
                "value": "password"
              }
            ]
          ],
          "private": "bnVsbA=="
        },
        {
          "index_key": "postgresql",
          "schema_version": 0,
          "attributes": {
            "acpi": true,
            "agent": [
              {
                "enabled": true,
                "timeout": "15m",
                "trim": false,
                "type": "virtio"
              }
            ],
            "amd_sev": [],
            "audio_device": [],
            "bios": "seabios",
            "boot_order": null,
            "cdrom": [],
            "clone": [
              {
                "datastore_id": "",
                "full": true,
                "node_name": "",
                "retries": 1,
                "vm_id": 9000
              }
            ],
            "cpu": [
              {
                "affinity": "",
                "architecture": "",
                "cores": 2,
                "flags": null,
                "hotplugged": 0,
                "limit": 0,
                "numa": false,
                "sockets": 1,
                "type": "qemu64",
                "units": 1024
              }
            ],
            "description": "PostgreSQL Server",
            "disk": [
              {
                "aio": "io_uring",
                "backup": true,
                "cache": "none",
                "datastore_id": "local-lvm",
                "discard": "ignore",
                "file_format": "raw",
                "file_id": "",
                "interface": "scsi0",
                "iothread": false,
                "path_in_datastore": "vm-103-disk-0",
                "replicate": true,
                "serial": "",
                "size": 100,
                "speed": [],
                "ssd": false
              }
            ],
            "efi_disk": [],
            "hook_script_file_id": null,
            "hostpci": [],
            "id": "103",
            "initialization": [
              {
                "datastore_id": "local-lvm",
                "dns": [],
                "interface": "ide2",
                "ip_config": [
                  {
                    "ipv4": [
                      {
                        "address": "192.168.0.15/24",
                        "gateway": "192.168.0.1"
                      }
                    ],
                    "ipv6": []
                  }
                ],
                "meta_data_file_id": "",
                "network_data_file_id": "",
                "type": "",
                "user_account": [
                  {
                    "keys": [
                      "ssh-rsa AAAAB3NzaC1yc2EAAAADAQABAAACAQC1DumO3KWE3yWKS7frqenWMtgzCGHd5HD0U6zMpj4Db3dAW0kY7JxEvVDf5mjTR+YefeePVX4JbdEv3cvzDXccsXETkg4yOJ3s4om9LgdkoH8E0uqX7GzivPvHIyMzbZB1pUdU3WBeFXBQ2G1LgWsU3MCJWv5pwxj0Qxcj+zhbzlvn4pJawipCWVLWKPlqVdAQHArF799Tsu/AMl2nE1d5wH8tKXmbobmP/gqz53q4GC31dETqxzJMJeRwtxf1yyRP6Vm3Rz6SMIwSFHFVVOYxmueVaPg7OBGbW9tANP2MwFjF9etTRCWbaFH8eal2Bl3zUhGr8F5GuB/U2ISnPfvm+WJ8Nj/8U5NjV1MTmwal9rMOsH1rE3+vmOVdNVaVi1Beu1sn+/6EpLNgfGgdQEc86rULFvnru8IjmaJEKH0IiPiBjFXeW4c1cxa5jUToek2g2X9yH2mykclUx5pgtGw7/sBcxDZRq3nDPNw5rhnUQKA4zAJkcoswywd+oxB8YhzVLD+XSd9BGLReLoE33c4sIMw+kHE0EPUEYziViXQvayalCr3IVVV2ldY3Lam43Os/Atr9yJHeSGOEgkWJLP4JWiaOvKp5/Nchm8LSbMsy/0HUFo3/xk/mFSEO2aKTbu1+C3cy12JmUYaAiL8zLKhkhV14tGT+e4xDjtVel/HnJQ== to-miwa@DESKTOP-GJPDT8G"
                    ],
                    "password": "",
                    "username": "ubuntu"
                  }
                ],
                "user_data_file_id": "",
                "vendor_data_file_id": ""
              }
            ],
            "ipv4_addresses": [],
            "ipv6_addresses": [],
            "keyboard_layout": "en-us",
            "kvm_arguments": null,
            "mac_addresses": [],
            "machine": null,
            "memory": [
              {
                "dedicated": 4096,
                "floating": 0,
                "hugepages": "",
                "keep_hugepages": false,
                "shared": 0
              }
            ],
            "migrate": false,
            "name": "postgresql-01",
            "network_device": [
              {
                "bridge": "vmbr0",
                "disconnected": false,
                "enabled": true,
                "firewall": false,
                "mac_address": "BC:24:11:5C:6E:AB",
                "model": "virtio",
                "mtu": 0,
                "queues": 0,
                "rate_limit": 0,
                "trunks": "",
                "vlan_id": 0
              }
            ],
            "network_interface_names": [],
            "node_name": "prx",
            "numa": [],
            "on_boot": true,
            "operating_system": [
              {
                "type": "l26"
              }
            ],
            "pool_id": null,
            "protection": false,
            "reboot": false,
            "reboot_after_update": true,
            "rng": [],
            "scsi_hardware": "virtio-scsi-pci",
            "serial_device": [],
            "smbios": [],
            "started": true,
            "startup": [],
            "stop_on_destroy": false,
            "tablet_device": true,
            "tags": null,
            "template": false,
            "timeout_clone": 1800,
            "timeout_create": 1800,
            "timeout_migrate": 1800,
            "timeout_move_disk": 1800,
            "timeout_reboot": 1800,
            "timeout_shutdown_vm": 1800,
            "timeout_start_vm": 1800,
            "timeout_stop_vm": 300,
            "tpm_state": [],
            "usb": [],
            "vga": [
              {
                "clipboard": "",
                "memory": 16,
                "type": "serial0"
              }
            ],
            "virtiofs": [],
            "vm_id": 103,
            "watchdog": []
          },
          "sensitive_attributes": [
            [
              {
                "type": "get_attr",
                "value": "initialization"
              },
              {
                "type": "index",
                "value": {
                  "value": 0,
                  "type": "number"
                }
              },
              {
                "type": "get_attr",
                "value": "user_account"
              },
              {
                "type": "index",
                "value": {
                  "value": 0,
                  "type": "number"
                }
              },
              {
                "type": "get_attr",
                "value": "password"
              }
            ]
          ],
          "private": "bnVsbA=="
        },
        {
          "index_key": "worker-1",
          "schema_version": 0,
          "attributes": {
            "acpi": true,
            "agent": [
              {
                "enabled": true,
                "timeout": "15m",
                "trim": false,
                "type": "virtio"
              }
            ],
            "amd_sev": [],
            "audio_device": [],
            "bios": "seabios",
            "boot_order": null,
            "cdrom": [],
            "clone": [
              {
                "datastore_id": "",
                "full": true,
                "node_name": "",
                "retries": 1,
                "vm_id": 9000
              }
            ],
            "cpu": [
              {
                "affinity": "",
                "architecture": "",
                "cores": 2,
                "flags": null,
                "hotplugged": 0,
                "limit": 0,
                "numa": false,
                "sockets": 1,
                "type": "qemu64",
                "units": 1024
              }
            ],
            "description": "Kubernetes Worker Node 1",
            "disk": [
              {
                "aio": "io_uring",
                "backup": true,
                "cache": "none",
                "datastore_id": "local-lvm",
                "discard": "ignore",
                "file_format": "raw",
                "file_id": "",
                "interface": "scsi0",
                "iothread": false,
                "path_in_datastore": "vm-100-disk-0",
                "replicate": true,
                "serial": "",
                "size": 100,
                "speed": [],
                "ssd": false
              }
            ],
            "efi_disk": [],
            "hook_script_file_id": null,
            "hostpci": [],
            "id": "100",
            "initialization": [
              {
                "datastore_id": "local-lvm",
                "dns": [],
                "interface": "ide2",
                "ip_config": [
                  {
                    "ipv4": [
                      {
                        "address": "192.168.0.13/24",
                        "gateway": "192.168.0.1"
                      }
                    ],
                    "ipv6": []
                  }
                ],
                "meta_data_file_id": "",
                "network_data_file_id": "",
                "type": "",
                "user_account": [
                  {
                    "keys": [
                      "ssh-rsa AAAAB3NzaC1yc2EAAAADAQABAAACAQC1DumO3KWE3yWKS7frqenWMtgzCGHd5HD0U6zMpj4Db3dAW0kY7JxEvVDf5mjTR+YefeePVX4JbdEv3cvzDXccsXETkg4yOJ3s4om9LgdkoH8E0uqX7GzivPvHIyMzbZB1pUdU3WBeFXBQ2G1LgWsU3MCJWv5pwxj0Qxcj+zhbzlvn4pJawipCWVLWKPlqVdAQHArF799Tsu/AMl2nE1d5wH8tKXmbobmP/gqz53q4GC31dETqxzJMJeRwtxf1yyRP6Vm3Rz6SMIwSFHFVVOYxmueVaPg7OBGbW9tANP2MwFjF9etTRCWbaFH8eal2Bl3zUhGr8F5GuB/U2ISnPfvm+WJ8Nj/8U5NjV1MTmwal9rMOsH1rE3+vmOVdNVaVi1Beu1sn+/6EpLNgfGgdQEc86rULFvnru8IjmaJEKH0IiPiBjFXeW4c1cxa5jUToek2g2X9yH2mykclUx5pgtGw7/sBcxDZRq3nDPNw5rhnUQKA4zAJkcoswywd+oxB8YhzVLD+XSd9BGLReLoE33c4sIMw+kHE0EPUEYziViXQvayalCr3IVVV2ldY3Lam43Os/Atr9yJHeSGOEgkWJLP4JWiaOvKp5/Nchm8LSbMsy/0HUFo3/xk/mFSEO2aKTbu1+C3cy12JmUYaAiL8zLKhkhV14tGT+e4xDjtVel/HnJQ== to-miwa@DESKTOP-GJPDT8G"
                    ],
                    "password": "",
                    "username": "ubuntu"
                  }
                ],
                "user_data_file_id": "",
                "vendor_data_file_id": ""
              }
            ],
            "ipv4_addresses": [],
            "ipv6_addresses": [],
            "keyboard_layout": "en-us",
            "kvm_arguments": null,
            "mac_addresses": [],
            "machine": null,
            "memory": [
              {
                "dedicated": 8192,
                "floating": 0,
                "hugepages": "",
                "keep_hugepages": false,
                "shared": 0
              }
            ],
            "migrate": false,
            "name": "k8s-worker-01",
            "network_device": [
              {
                "bridge": "vmbr0",
                "disconnected": false,
                "enabled": true,
                "firewall": false,
                "mac_address": "BC:24:11:E1:33:AE",
                "model": "virtio",
                "mtu": 0,
                "queues": 0,
                "rate_limit": 0,
                "trunks": "",
                "vlan_id": 0
              }
            ],
            "network_interface_names": [],
            "node_name": "prx",
            "numa": [],
            "on_boot": true,
            "operating_system": [
              {
                "type": "l26"
              }
            ],
            "pool_id": null,
            "protection": false,
            "reboot": false,
            "reboot_after_update": true,
            "rng": [],
            "scsi_hardware": "virtio-scsi-pci",
            "serial_device": [],
            "smbios": [],
            "started": true,
            "startup": [],
            "stop_on_destroy": false,
            "tablet_device": true,
            "tags": null,
            "template": false,
            "timeout_clone": 1800,
            "timeout_create": 1800,
            "timeout_migrate": 1800,
            "timeout_move_disk": 1800,
            "timeout_reboot": 1800,
            "timeout_shutdown_vm": 1800,
            "timeout_start_vm": 1800,
            "timeout_stop_vm": 300,
            "tpm_state": [],
            "usb": [],
            "vga": [
              {
                "clipboard": "",
                "memory": 16,
                "type": "serial0"
              }
            ],
            "virtiofs": [],
            "vm_id": 100,
            "watchdog": []
          },
          "sensitive_attributes": [
            [
              {
                "type": "get_attr",
                "value": "initialization"
              },
              {
                "type": "index",
                "value": {
                  "value": 0,
                  "type": "number"
                }
              },
              {
                "type": "get_attr",
                "value": "user_account"
              },
              {
                "type": "index",
                "value": {
                  "value": 0,
                  "type": "number"
                }
              },
              {
                "type": "get_attr",
                "value": "password"
              }
            ]
          ],
          "private": "bnVsbA=="
        },
        {
          "index_key": "worker-2",
          "schema_version": 0,
          "attributes": {
            "acpi": true,
            "agent": [
              {
                "enabled": true,
                "timeout": "15m",
                "trim": false,
                "type": "virtio"
              }
            ],
            "amd_sev": [],
            "audio_device": [],
            "bios": "seabios",
            "boot_order": null,
            "cdrom": [],
            "clone": [
              {
                "datastore_id": "",
                "full": true,
                "node_name": "",
                "retries": 1,
                "vm_id": 9000
              }
            ],
            "cpu": [
              {
                "affinity": "",
                "architecture": "",
                "cores": 2,
                "flags": null,
                "hotplugged": 0,
                "limit": 0,
                "numa": false,
                "sockets": 1,
                "type": "qemu64",
                "units": 1024
              }
            ],
            "description": "Kubernetes Worker Node 2",
            "disk": [
              {
                "aio": "io_uring",
                "backup": true,
                "cache": "none",
                "datastore_id": "local-lvm",
                "discard": "ignore",
                "file_format": "raw",
                "file_id": "",
                "interface": "scsi0",
                "iothread": false,
                "path_in_datastore": "vm-102-disk-0",
                "replicate": true,
                "serial": "",
                "size": 100,
                "speed": [],
                "ssd": false
              }
            ],
            "efi_disk": [],
            "hook_script_file_id": null,
            "hostpci": [],
            "id": "102",
            "initialization": [
              {
                "datastore_id": "local-lvm",
                "dns": [],
                "interface": "ide2",
                "ip_config": [
                  {
                    "ipv4": [
                      {
                        "address": "192.168.0.14/24",
                        "gateway": "192.168.0.1"
                      }
                    ],
                    "ipv6": []
                  }
                ],
                "meta_data_file_id": "",
                "network_data_file_id": "",
                "type": "",
                "user_account": [
                  {
                    "keys": [
                      "ssh-rsa AAAAB3NzaC1yc2EAAAADAQABAAACAQC1DumO3KWE3yWKS7frqenWMtgzCGHd5HD0U6zMpj4Db3dAW0kY7JxEvVDf5mjTR+YefeePVX4JbdEv3cvzDXccsXETkg4yOJ3s4om9LgdkoH8E0uqX7GzivPvHIyMzbZB1pUdU3WBeFXBQ2G1LgWsU3MCJWv5pwxj0Qxcj+zhbzlvn4pJawipCWVLWKPlqVdAQHArF799Tsu/AMl2nE1d5wH8tKXmbobmP/gqz53q4GC31dETqxzJMJeRwtxf1yyRP6Vm3Rz6SMIwSFHFVVOYxmueVaPg7OBGbW9tANP2MwFjF9etTRCWbaFH8eal2Bl3zUhGr8F5GuB/U2ISnPfvm+WJ8Nj/8U5NjV1MTmwal9rMOsH1rE3+vmOVdNVaVi1Beu1sn+/6EpLNgfGgdQEc86rULFvnru8IjmaJEKH0IiPiBjFXeW4c1cxa5jUToek2g2X9yH2mykclUx5pgtGw7/sBcxDZRq3nDPNw5rhnUQKA4zAJkcoswywd+oxB8YhzVLD+XSd9BGLReLoE33c4sIMw+kHE0EPUEYziViXQvayalCr3IVVV2ldY3Lam43Os/Atr9yJHeSGOEgkWJLP4JWiaOvKp5/Nchm8LSbMsy/0HUFo3/xk/mFSEO2aKTbu1+C3cy12JmUYaAiL8zLKhkhV14tGT+e4xDjtVel/HnJQ== to-miwa@DESKTOP-GJPDT8G"
                    ],
                    "password": "",
                    "username": "ubuntu"
                  }
                ],
                "user_data_file_id": "",
                "vendor_data_file_id": ""
              }
            ],
            "ipv4_addresses": [],
            "ipv6_addresses": [],
            "keyboard_layout": "en-us",
            "kvm_arguments": null,
            "mac_addresses": [],
            "machine": null,
            "memory": [
              {
                "dedicated": 8192,
                "floating": 0,
                "hugepages": "",
                "keep_hugepages": false,
                "shared": 0
              }
            ],
            "migrate": false,
            "name": "k8s-worker-02",
            "network_device": [
              {
                "bridge": "vmbr0",
                "disconnected": false,
                "enabled": true,
                "firewall": false,
                "mac_address": "BC:24:11:95:D6:D8",
                "model": "virtio",
                "mtu": 0,
                "queues": 0,
                "rate_limit": 0,
                "trunks": "",
                "vlan_id": 0
              }
            ],
            "network_interface_names": [],
            "node_name": "prx",
            "numa": [],
            "on_boot": true,
            "operating_system": [
              {
                "type": "l26"
              }
            ],
            "pool_id": null,
            "protection": false,
            "reboot": false,
            "reboot_after_update": true,
            "rng": [],
            "scsi_hardware": "virtio-scsi-pci",
            "serial_device": [],
            "smbios": [],
            "started": true,
            "startup": [],
            "stop_on_destroy": false,
            "tablet_device": true,
            "tags": null,
            "template": false,
            "timeout_clone": 1800,
            "timeout_create": 1800,
            "timeout_migrate": 1800,
            "timeout_move_disk": 1800,
            "timeout_reboot": 1800,
            "timeout_shutdown_vm": 1800,
            "timeout_start_vm": 1800,
            "timeout_stop_vm": 300,
            "tpm_state": [],
            "usb": [],
            "vga": [
              {
                "clipboard": "",
                "memory": 16,
                "type": "serial0"
              }
            ],
            "virtiofs": [],
            "vm_id": 102,
            "watchdog": []
          },
          "sensitive_attributes": [
            [
              {
                "type": "get_attr",
                "value": "initialization"
              },
              {
                "type": "index",
                "value": {
                  "value": 0,
                  "type": "number"
                }
              },
              {
                "type": "get_attr",
                "value": "user_account"
              },
              {
                "type": "index",
                "value": {
                  "value": 0,
                  "type": "number"
                }
              },
              {
                "type": "get_attr",
                "value": "password"
              }
            ]
          ],
          "private": "bnVsbA=="
        }
      ]
    }
  ],
  "check_results": null
}
